// !$*UTF8*$!
{
	archiveVersion = 1;
	classes = {
	};
	objectVersion = 50;
	objects = {

/* Begin PBXBuildFile section */
		2CD51A9924B6B2990022B818 /* AppDelegate.swift in Sources */ = {isa = PBXBuildFile; fileRef = 2CD51A9824B6B2990022B818 /* AppDelegate.swift */; };
		2CD51A9D24B6B2990022B818 /* ViewController.swift in Sources */ = {isa = PBXBuildFile; fileRef = 2CD51A9C24B6B2990022B818 /* ViewController.swift */; };
		2CD51AA224B6B29C0022B818 /* Assets.xcassets in Resources */ = {isa = PBXBuildFile; fileRef = 2CD51AA124B6B29C0022B818 /* Assets.xcassets */; };
		2CD51AA524B6B29C0022B818 /* LaunchScreen.storyboard in Resources */ = {isa = PBXBuildFile; fileRef = 2CD51AA324B6B29C0022B818 /* LaunchScreen.storyboard */; };
		2CD51AB224B6B4F20022B818 /* RNCryptor.framework in Frameworks */ = {isa = PBXBuildFile; fileRef = 2CD51AB124B6B4F20022B818 /* RNCryptor.framework */; };
/* End PBXBuildFile section */

/* Begin PBXFileReference section */
		2CD51A9524B6B2990022B818 /* TestDecryptResourceSwift.app */ = {isa = PBXFileReference; explicitFileType = wrapper.application; includeInIndex = 0; path = TestDecryptResourceSwift.app; sourceTree = BUILT_PRODUCTS_DIR; };
		2CD51A9824B6B2990022B818 /* AppDelegate.swift */ = {isa = PBXFileReference; lastKnownFileType = sourcecode.swift; path = AppDelegate.swift; sourceTree = "<group>"; };
		2CD51A9C24B6B2990022B818 /* ViewController.swift */ = {isa = PBXFileReference; lastKnownFileType = sourcecode.swift; path = ViewController.swift; sourceTree = "<group>"; };
		2CD51AA124B6B29C0022B818 /* Assets.xcassets */ = {isa = PBXFileReference; lastKnownFileType = folder.assetcatalog; path = Assets.xcassets; sourceTree = "<group>"; };
		2CD51AA424B6B29C0022B818 /* Base */ = {isa = PBXFileReference; lastKnownFileType = file.storyboard; name = Base; path = Base.lproj/LaunchScreen.storyboard; sourceTree = "<group>"; };
		2CD51AA624B6B29C0022B818 /* Info.plist */ = {isa = PBXFileReference; lastKnownFileType = text.plist.xml; path = Info.plist; sourceTree = "<group>"; };
		2CD51AB124B6B4F20022B818 /* RNCryptor.framework */ = {isa = PBXFileReference; lastKnownFileType = wrapper.framework; name = RNCryptor.framework; path = TestDecryptResourceSwift/Framework/RNCryptor.framework; sourceTree = "<group>"; };
		2CD51AB524B6B5700022B818 /* TestDecryptResourceSwift-Bridging-Header.h */ = {isa = PBXFileReference; lastKnownFileType = sourcecode.c.h; path = "TestDecryptResourceSwift-Bridging-Header.h"; sourceTree = "<group>"; };
/* End PBXFileReference section */

/* Begin PBXFrameworksBuildPhase section */
		2CD51A9224B6B2990022B818 /* Frameworks */ = {
			isa = PBXFrameworksBuildPhase;
			buildActionMask = 2147483647;
			files = (
				2CD51AB224B6B4F20022B818 /* RNCryptor.framework in Frameworks */,
			);
			runOnlyForDeploymentPostprocessing = 0;
		};
/* End PBXFrameworksBuildPhase section */

/* Begin PBXGroup section */
		2CD51A8C24B6B2990022B818 = {
			isa = PBXGroup;
			children = (
				2CD51A9724B6B2990022B818 /* TestDecryptResourceSwift */,
				2CD51A9624B6B2990022B818 /* Products */,
				2CD51AB024B6B4F20022B818 /* Frameworks */,
			);
			sourceTree = "<group>";
		};
		2CD51A9624B6B2990022B818 /* Products */ = {
			isa = PBXGroup;
			children = (
				2CD51A9524B6B2990022B818 /* TestDecryptResourceSwift.app */,
			);
			name = Products;
			sourceTree = "<group>";
		};
		2CD51A9724B6B2990022B818 /* TestDecryptResourceSwift */ = {
			isa = PBXGroup;
			children = (
				2CD51AAC24B6B3A00022B818 /* EncryptResource */,
				2CD51A9824B6B2990022B818 /* AppDelegate.swift */,
				2CD51A9C24B6B2990022B818 /* ViewController.swift */,
				2CD51AA124B6B29C0022B818 /* Assets.xcassets */,
				2CD51AA324B6B29C0022B818 /* LaunchScreen.storyboard */,
				2CD51AA624B6B29C0022B818 /* Info.plist */,
				2CD51AB524B6B5700022B818 /* TestDecryptResourceSwift-Bridging-Header.h */,
			);
			path = TestDecryptResourceSwift;
			sourceTree = "<group>";
		};
		2CD51AAC24B6B3A00022B818 /* EncryptResource */ = {
			isa = PBXGroup;
			children = (
			);
			path = EncryptResource;
			sourceTree = "<group>";
		};
		2CD51AB024B6B4F20022B818 /* Frameworks */ = {
			isa = PBXGroup;
			children = (
				2CD51AB124B6B4F20022B818 /* RNCryptor.framework */,
			);
			name = Frameworks;
			sourceTree = "<group>";
		};
/* End PBXGroup section */

/* Begin PBXNativeTarget section */
		2CD51A9424B6B2990022B818 /* TestDecryptResourceSwift */ = {
			isa = PBXNativeTarget;
			buildConfigurationList = 2CD51AA924B6B29C0022B818 /* Build configuration list for PBXNativeTarget "TestDecryptResourceSwift" */;
			buildPhases = (
				2CD51A9124B6B2990022B818 /* Sources */,
				2CD51A9224B6B2990022B818 /* Frameworks */,
				2CD51A9324B6B2990022B818 /* Resources */,
				2CD51AAF24B6B3C70022B818 /* ShellScript */,
			);
			buildRules = (
			);
			dependencies = (
			);
			name = TestDecryptResourceSwift;
			productName = TestDecryptResourceSwift;
			productReference = 2CD51A9524B6B2990022B818 /* TestDecryptResourceSwift.app */;
			productType = "com.apple.product-type.application";
		};
/* End PBXNativeTarget section */

/* Begin PBXProject section */
		2CD51A8D24B6B2990022B818 /* Project object */ = {
			isa = PBXProject;
			attributes = {
				LastSwiftUpdateCheck = 1140;
				LastUpgradeCheck = 1140;
				ORGANIZATIONNAME = "AsiaInfo Mobile";
				TargetAttributes = {
					2CD51A9424B6B2990022B818 = {
						CreatedOnToolsVersion = 11.4.1;
						LastSwiftMigration = 1140;
					};
				};
			};
			buildConfigurationList = 2CD51A9024B6B2990022B818 /* Build configuration list for PBXProject "TestDecryptResourceSwift" */;
			compatibilityVersion = "Xcode 9.3";
			developmentRegion = en;
			hasScannedForEncodings = 0;
			knownRegions = (
				en,
				Base,
			);
			mainGroup = 2CD51A8C24B6B2990022B818;
			productRefGroup = 2CD51A9624B6B2990022B818 /* Products */;
			projectDirPath = "";
			projectRoot = "";
			targets = (
				2CD51A9424B6B2990022B818 /* TestDecryptResourceSwift */,
			);
		};
/* End PBXProject section */

/* Begin PBXResourcesBuildPhase section */
		2CD51A9324B6B2990022B818 /* Resources */ = {
			isa = PBXResourcesBuildPhase;
			buildActionMask = 2147483647;
			files = (
				2CD51AA524B6B29C0022B818 /* LaunchScreen.storyboard in Resources */,
				2CD51AA224B6B29C0022B818 /* Assets.xcassets in Resources */,
			);
			runOnlyForDeploymentPostprocessing = 0;
		};
/* End PBXResourcesBuildPhase section */

/* Begin PBXShellScriptBuildPhase section */
		2CD51AAF24B6B3C70022B818 /* ShellScript */ = {
			isa = PBXShellScriptBuildPhase;
			buildActionMask = 2147483647;
			files = (
			);
			inputFileListPaths = (
			);
			inputPaths = (
			);
			outputFileListPaths = (
			);
			outputPaths = (
			);
			runOnlyForDeploymentPostprocessing = 0;
			shellPath = /bin/sh;
			shellScript = "password=\"fwe&*^123213\"\nopenssl enc -e -aes-256-cbc -in TestDecryptResourceSwift/EncryptResource/Config.plist -out $TARGET_BUILD_DIR/$UNLOCALIZED_RESOURCES_FOLDER_PATH/ConfigEncrypt.plist -pass pass:$password\n";
		};
/* End PBXShellScriptBuildPhase section */

/* Begin PBXSourcesBuildPhase section */
		2CD51A9124B6B2990022B818 /* Sources */ = {
			isa = PBXSourcesBuildPhase;
			buildActionMask = 2147483647;
			files = (
				2CD51A9D24B6B2990022B818 /* ViewController.swift in Sources */,
				2CD51A9924B6B2990022B818 /* AppDelegate.swift in Sources */,
			);
			runOnlyForDeploymentPostprocessing = 0;
		};
/* End PBXSourcesBuildPhase section */

/* Begin PBXVariantGroup section */
		2CD51AA324B6B29C0022B818 /* LaunchScreen.storyboard */ = {
			isa = PBXVariantGroup;
			children = (
				2CD51AA424B6B29C0022B818 /* Base */,
			);
			name = LaunchScreen.storyboard;
			sourceTree = "<group>";
		};
/* End PBXVariantGroup section */

/* Begin XCBuildConfiguration section */
		2CD51AA724B6B29C0022B818 /* Debug */ = {
			isa = XCBuildConfiguration;
			buildSettings = {
				ALWAYS_SEARCH_USER_PATHS = NO;
				CLANG_ANALYZER_NONNULL = YES;
				CLANG_ANALYZER_NUMBER_OBJECT_CONVERSION = YES_AGGRESSIVE;
				CLANG_CXX_LANGUAGE_STANDARD = "gnu++14";
				CLANG_CXX_LIBRARY = "libc++";
				CLANG_ENABLE_MODULES = YES;
				CLANG_ENABLE_OBJC_ARC = YES;
				CLANG_ENABLE_OBJC_WEAK = YES;
				CLANG_WARN_BLOCK_CAPTURE_AUTORELEASING = YES;
				CLANG_WARN_BOOL_CONVERSION = YES;
				CLANG_WARN_COMMA = YES;
				CLANG_WARN_CONSTANT_CONVERSION = YES;
				CLANG_WARN_DEPRECATED_OBJC_IMPLEMENTATIONS = YES;
				CLANG_WARN_DIRECT_OBJC_ISA_USAGE = YES_ERROR;
				CLANG_WARN_DOCUMENTATION_COMMENTS = YES;
				CLANG_WARN_EMPTY_BODY = YES;
				CLANG_WARN_ENUM_CONVERSION = YES;
				CLANG_WARN_INFINITE_RECURSION = YES;
				CLANG_WARN_INT_CONVERSION = YES;
				CLANG_WARN_NON_LITERAL_NULL_CONVERSION = YES;
				CLANG_WARN_OBJC_IMPLICIT_RETAIN_SELF = YES;
				CLANG_WARN_OBJC_LITERAL_CONVERSION = YES;
				CLANG_WARN_OBJC_ROOT_CLASS = YES_ERROR;
				CLANG_WARN_RANGE_LOOP_ANALYSIS = YES;
				CLANG_WARN_STRICT_PROTOTYPES = YES;
				CLANG_WARN_SUSPICIOUS_MOVE = YES;
				CLANG_WARN_UNGUARDED_AVAILABILITY = YES_AGGRESSIVE;
				CLANG_WARN_UNREACHABLE_CODE = YES;
				CLANG_WARN__DUPLICATE_METHOD_MATCH = YES;
				COPY_PHASE_STRIP = NO;
				DEBUG_INFORMATION_FORMAT = dwarf;
				ENABLE_STRICT_OBJC_MSGSEND = YES;
				ENABLE_TESTABILITY = YES;
				GCC_C_LANGUAGE_STANDARD = gnu11;
				GCC_DYNAMIC_NO_PIC = NO;
				GCC_NO_COMMON_BLOCKS = YES;
				GCC_OPTIMIZATION_LEVEL = 0;
				GCC_PREPROCESSOR_DEFINITIONS = (
					"DEBUG=1",
					"$(inherited)",
				);
				GCC_WARN_64_TO_32_BIT_CONVERSION = YES;
				GCC_WARN_ABOUT_RETURN_TYPE = YES_ERROR;
				GCC_WARN_UNDECLARED_SELECTOR = YES;
				GCC_WARN_UNINITIALIZED_AUTOS = YES_AGGRESSIVE;
				GCC_WARN_UNUSED_FUNCTION = YES;
				GCC_WARN_UNUSED_VARIABLE = YES;
				IPHONEOS_DEPLOYMENT_TARGET = 13.4;
				MTL_ENABLE_DEBUG_INFO = INCLUDE_SOURCE;
				MTL_FAST_MATH = YES;
				ONLY_ACTIVE_ARCH = YES;
				SDKROOT = iphoneos;
				SWIFT_ACTIVE_COMPILATION_CONDITIONS = DEBUG;
				SWIFT_OPTIMIZATION_LEVEL = "-Onone";
			};
			name = Debug;
		};
		2CD51AA824B6B29C0022B818 /* Release */ = {
			isa = XCBuildConfiguration;
			buildSettings = {
				ALWAYS_SEARCH_USER_PATHS = NO;
				CLANG_ANALYZER_NONNULL = YES;
				CLANG_ANALYZER_NUMBER_OBJECT_CONVERSION = YES_AGGRESSIVE;
				CLANG_CXX_LANGUAGE_STANDARD = "gnu++14";
				CLANG_CXX_LIBRARY = "libc++";
				CLANG_ENABLE_MODULES = YES;
				CLANG_ENABLE_OBJC_ARC = YES;
				CLANG_ENABLE_OBJC_WEAK = YES;
				CLANG_WARN_BLOCK_CAPTURE_AUTORELEASING = YES;
				CLANG_WARN_BOOL_CONVERSION = YES;
				CLANG_WARN_COMMA = YES;
				CLANG_WARN_CONSTANT_CONVERSION = YES;
				CLANG_WARN_DEPRECATED_OBJC_IMPLEMENTATIONS = YES;
				CLANG_WARN_DIRECT_OBJC_ISA_USAGE = YES_ERROR;
				CLANG_WARN_DOCUMENTATION_COMMENTS = YES;
				CLANG_WARN_EMPTY_BODY = YES;
				CLANG_WARN_ENUM_CONVERSION = YES;
				CLANG_WARN_INFINITE_RECURSION = YES;
				CLANG_WARN_INT_CONVERSION = YES;
				CLANG_WARN_NON_LITERAL_NULL_CONVERSION = YES;
				CLANG_WARN_OBJC_IMPLICIT_RETAIN_SELF = YES;
				CLANG_WARN_OBJC_LITERAL_CONVERSION = YES;
				CLANG_WARN_OBJC_ROOT_CLASS = YES_ERROR;
				CLANG_WARN_RANGE_LOOP_ANALYSIS = YES;
				CLANG_WARN_STRICT_PROTOTYPES = YES;
				CLANG_WARN_SUSPICIOUS_MOVE = YES;
				CLANG_WARN_UNGUARDED_AVAILABILITY = YES_AGGRESSIVE;
				CLANG_WARN_UNREACHABLE_CODE = YES;
				CLANG_WARN__DUPLICATE_METHOD_MATCH = YES;
				COPY_PHASE_STRIP = NO;
				DEBUG_INFORMATION_FORMAT = "dwarf-with-dsym";
				ENABLE_NS_ASSERTIONS = NO;
				ENABLE_STRICT_OBJC_MSGSEND = YES;
				GCC_C_LANGUAGE_STANDARD = gnu11;
				GCC_NO_COMMON_BLOCKS = YES;
				GCC_WARN_64_TO_32_BIT_CONVERSION = YES;
				GCC_WARN_ABOUT_RETURN_TYPE = YES_ERROR;
				GCC_WARN_UNDECLARED_SELECTOR = YES;
				GCC_WARN_UNINITIALIZED_AUTOS = YES_AGGRESSIVE;
				GCC_WARN_UNUSED_FUNCTION = YES;
				GCC_WARN_UNUSED_VARIABLE = YES;
				IPHONEOS_DEPLOYMENT_TARGET = 13.4;
				MTL_ENABLE_DEBUG_INFO = NO;
				MTL_FAST_MATH = YES;
				SDKROOT = iphoneos;
				SWIFT_COMPILATION_MODE = wholemodule;
				SWIFT_OPTIMIZATION_LEVEL = "-O";
				VALIDATE_PRODUCT = YES;
			};
			name = Release;
		};
		2CD51AAA24B6B29C0022B818 /* Debug */ = {
			isa = XCBuildConfiguration;
			buildSettings = {
				ASSETCATALOG_COMPILER_APPICON_NAME = AppIcon;
				CLANG_ENABLE_MODULES = YES;
				CODE_SIGN_STYLE = Automatic;
				FRAMEWORK_SEARCH_PATHS = (
					"$(inherited)",
					"$(PROJECT_DIR)/TestDecryptResourceSwift/Framework",
				);
				INFOPLIST_FILE = TestDecryptResourceSwift/Info.plist;
				IPHONEOS_DEPLOYMENT_TARGET = 10.0;
				LD_RUNPATH_SEARCH_PATHS = (
					"$(inherited)",
					"@executable_path/Frameworks",
				);
				PRODUCT_BUNDLE_IDENTIFIER = com.asiainfo.mobile.TestDecryptResourceSwift;
				PRODUCT_NAME = "$(TARGET_NAME)";
				SWIFT_OBJC_BRIDGING_HEADER = "TestDecryptResourceSwift/TestDecryptResourceSwift-Bridging-Header.h";
				SWIFT_OPTIMIZATION_LEVEL = "-Onone";
				SWIFT_VERSION = 5.0;
				TARGETED_DEVICE_FAMILY = 1;
			};
			name = Debug;
		};
		2CD51AAB24B6B29C0022B818 /* Release */ = {
			isa = XCBuildConfiguration;
			buildSettings = {
				ASSETCATALOG_COMPILER_APPICON_NAME = AppIcon;
				CLANG_ENABLE_MODULES = YES;
				CODE_SIGN_STYLE = Automatic;
				FRAMEWORK_SEARCH_PATHS = (
					"$(inherited)",
					"$(PROJECT_DIR)/TestDecryptResourceSwift/Framework",
				);
				INFOPLIST_FILE = TestDecryptResourceSwift/Info.plist;
				IPHONEOS_DEPLOYMENT_TARGET = 10.0;
				LD_RUNPATH_SEARCH_PATHS = (
					"$(inherited)",
					"@executable_path/Frameworks",
				);
				PRODUCT_BUNDLE_IDENTIFIER = com.asiainfo.mobile.TestDecryptResourceSwift;
				PRODUCT_NAME = "$(TARGET_NAME)";
				SWIFT_OBJC_BRIDGING_HEADER = "TestDecryptResourceSwift/TestDecryptResourceSwift-Bridging-Header.h";
				SWIFT_VERSION = 5.0;
				TARGETED_DEVICE_FAMILY = 1;
			};
			name = Release;
		};
/* End XCBuildConfiguration section */

/* Begin XCConfigurationList section */
		2CD51A9024B6B2990022B818 /* Build configuration list for PBXProject "TestDecryptResourceSwift" */ = {
			isa = XCConfigurationList;
			buildConfigurations = (
				2CD51AA724B6B29C0022B818 /* Debug */,
				2CD51AA824B6B29C0022B818 /* Release */,
			);
			defaultConfigurationIsVisible = 0;
			defaultConfigurationName = Release;
		};
		2CD51AA924B6B29C0022B818 /* Build configuration list for PBXNativeTarget "TestDecryptResourceSwift" */ = {
			isa = XCConfigurationList;
			buildConfigurations = (
				2CD51AAA24B6B29C0022B818 /* Debug */,
				2CD51AAB24B6B29C0022B818 /* Release */,
			);
			defaultConfigurationIsVisible = 0;
			defaultConfigurationName = Release;
		};
/* End XCConfigurationList section */
	};
	rootObject = 2CD51A8D24B6B2990022B818 /* Project object */;
}
